
Microsoft Visual Studio Solution File, Format Version 12.00
# Visual Studio Version 17
VisualStudioVersion = 17.5.33414.496
MinimumVisualStudioVersion = 10.0.40219.1
Project("{FAE04EC0-301F-11D3-BF4B-00C04F79EFBC}") = "ECommerceWebsite", "ECommerceWebsite\ECommerceWebsite.csproj", "{A27C07EC-EF5B-4303-8DB7-1558BDB1167C}"
EndProject
Project("{00D1A9C2-B5F0-4AF3-8072-F6C62B433612}") = "E-CommerceDatabase", "E-CommerDatabase\E-CommerceDatabase.sqlproj", "{2874EF77-8801-4EED-B218-F6AD731505A5}"
EndProject
Global
	GlobalSection(SolutionConfigurationPlatforms) = preSolution
		Debug|Any CPU = Debug|Any CPU
		Release|Any CPU = Release|Any CPU
	EndGlobalSection
	GlobalSection(ProjectConfigurationPlatforms) = postSolution
		{A27C07EC-EF5B-4303-8DB7-1558BDB1167C}.Debug|Any CPU.ActiveCfg = Debug|Any CPU
		{A27C07EC-EF5B-4303-8DB7-1558BDB1167C}.Debug|Any CPU.Build.0 = Debug|Any CPU
		{A27C07EC-EF5B-4303-8DB7-1558BDB1167C}.Release|Any CPU.ActiveCfg = Release|Any CPU
		{A27C07EC-EF5B-4303-8DB7-1558BDB1167C}.Release|Any CPU.Build.0 = Release|Any CPU
		{2874EF77-8801-4EED-B218-F6AD731505A5}.Debug|Any CPU.ActiveCfg = Debug|Any CPU
		{2874EF77-8801-4EED-B218-F6AD731505A5}.Debug|Any CPU.Build.0 = Debug|Any CPU
		{2874EF77-8801-4EED-B218-F6AD731505A5}.Debug|Any CPU.Deploy.0 = Debug|Any CPU
		{2874EF77-8801-4EED-B218-F6AD731505A5}.Release|Any CPU.ActiveCfg = Release|Any CPU
		{2874EF77-8801-4EED-B218-F6AD731505A5}.Release|Any CPU.Build.0 = Release|Any CPU
		{2874EF77-8801-4EED-B218-F6AD731505A5}.Release|Any CPU.Deploy.0 = Release|Any CPU
	EndGlobalSection
	GlobalSection(SolutionProperties) = preSolution
		HideSolutionNode = FALSE
	EndGlobalSection
	GlobalSection(ExtensibilityGlobals) = postSolution
		SolutionGuid = {635F077E-4B52-4625-88A3-5CBAAD8D7AF2}
	EndGlobalSection
EndGlobal
